// !$*UTF8*$!
{
	archiveVersion = 1;
	classes = {
	};
	objectVersion = 46;
	objects = {

/* Begin PBXBuildFile section */
		921D48D81B4AD026005C2F6F /* main.m in Sources */ = {isa = PBXBuildFile; fileRef = 921D48D71B4AD026005C2F6F /* main.m */; };
		921D48E31B4AD0B7005C2F6F /* MostFrequentCharacterFinder.m in Sources */ = {isa = PBXBuildFile; fileRef = 921D48E21B4AD0B7005C2F6F /* MostFrequentCharacterFinder.m */; };
/* End PBXBuildFile section */

/* Begin PBXCopyFilesBuildPhase section */
		921D48D21B4AD026005C2F6F /* CopyFiles */ = {
			isa = PBXCopyFilesBuildPhase;
			buildActionMask = 2147483647;
			dstPath = /usr/share/man/man1/;
			dstSubfolderSpec = 0;
			files = (
			);
			runOnlyForDeploymentPostprocessing = 1;
		};
/* End PBXCopyFilesBuildPhase section */

/* Begin PBXFileReference section */
		921D48D41B4AD026005C2F6F /* MostFrequentCharacter */ = {isa = PBXFileReference; explicitFileType = "compiled.mach-o.executable"; includeInIndex = 0; path = MostFrequentCharacter; sourceTree = BUILT_PRODUCTS_DIR; };
		921D48D71B4AD026005C2F6F /* main.m */ = {isa = PBXFileReference; lastKnownFileType = sourcecode.c.objc; path = main.m; sourceTree = "<group>"; };
		921D48E11B4AD0B7005C2F6F /* MostFrequentCharacterFinder.h */ = {isa = PBXFileReference; fileEncoding = 4; lastKnownFileType = sourcecode.c.h; path = MostFrequentCharacterFinder.h; sourceTree = "<group>"; };
		921D48E21B4AD0B7005C2F6F /* MostFrequentCharacterFinder.m */ = {isa = PBXFileReference; fileEncoding = 4; lastKnownFileType = sourcecode.c.objc; path = MostFrequentCharacterFinder.m; sourceTree = "<group>"; };
/* End PBXFileReference section */

/* Begin PBXFrameworksBuildPhase section */
		921D48D11B4AD026005C2F6F /* Frameworks */ = {
			isa = PBXFrameworksBuildPhase;
			buildActionMask = 2147483647;
			files = (
			);
			runOnlyForDeploymentPostprocessing = 0;
		};
/* End PBXFrameworksBuildPhase section */

/* Begin PBXGroup section */
		921D48CB1B4AD026005C2F6F = {
			isa = PBXGroup;
			children = (
				921D48D61B4AD026005C2F6F /* MostFrequentCharacter */,
				921D48D51B4AD026005C2F6F /* Products */,
			);
			sourceTree = "<group>";
		};
		921D48D51B4AD026005C2F6F /* Products */ = {
			isa = PBXGroup;
			children = (
				921D48D41B4AD026005C2F6F /* MostFrequentCharacter */,
			);
			name = Products;
			sourceTree = "<group>";
		};
		921D48D61B4AD026005C2F6F /* MostFrequentCharacter */ = {
			isa = PBXGroup;
			children = (
				921D48D71B4AD026005C2F6F /* main.m */,
				921D48E11B4AD0B7005C2F6F /* MostFrequentCharacterFinder.h */,
				921D48E21B4AD0B7005C2F6F /* MostFrequentCharacterFinder.m */,
			);
			path = MostFrequentCharacter;
			sourceTree = "<group>";
		};
/* End PBXGroup section */

/* Begin PBXNativeTarget section */
		921D48D31B4AD026005C2F6F /* MostFrequentCharacter */ = {
			isa = PBXNativeTarget;
			buildConfigurationList = 921D48DB1B4AD026005C2F6F /* Build configuration list for PBXNativeTarget "MostFrequentCharacter" */;
			buildPhases = (
				921D48D01B4AD026005C2F6F /* Sources */,
				921D48D11B4AD026005C2F6F /* Frameworks */,
				921D48D21B4AD026005C2F6F /* CopyFiles */,
			);
			buildRules = (
			);
			dependencies = (
			);
			name = MostFrequentCharacter;
			productName = MostFrequentCharacter;
			productReference = 921D48D41B4AD026005C2F6F /* MostFrequentCharacter */;
			productType = "com.apple.product-type.tool";
		};
/* End PBXNativeTarget section */

/* Begin PBXProject section */
		921D48CC1B4AD026005C2F6F /* Project object */ = {
			isa = PBXProject;
			attributes = {
				LastUpgradeCheck = 0640;
				ORGANIZATIONNAME = "Mysterious Organization";
				TargetAttributes = {
					921D48D31B4AD026005C2F6F = {
						CreatedOnToolsVersion = 6.4;
					};
				};
			};
			buildConfigurationList = 921D48CF1B4AD026005C2F6F /* Build configuration list for PBXProject "MostFrequentCharacter" */;
			compatibilityVersion = "Xcode 3.2";
			developmentRegion = English;
			hasScannedForEncodings = 0;
			knownRegions = (
				en,
			);
			mainGroup = 921D48CB1B4AD026005C2F6F;
			productRefGroup = 921D48D51B4AD026005C2F6F /* Products */;
			projectDirPath = "";
			projectRoot = "";
			targets = (
				921D48D31B4AD026005C2F6F /* MostFrequentCharacter */,
			);
		};
/* End PBXProject section */

/* Begin PBXSourcesBuildPhase section */
		921D48D01B4AD026005C2F6F /* Sources */ = {
			isa = PBXSourcesBuildPhase;
			buildActionMask = 2147483647;
			files = (
				921D48E31B4AD0B7005C2F6F /* MostFrequentCharacterFinder.m in Sources */,
				921D48D81B4AD026005C2F6F /* main.m in Sources */,
			);
			runOnlyForDeploymentPostprocessing = 0;
		};
/* End PBXSourcesBuildPhase section */

/* Begin XCBuildConfiguration section */
		921D48D91B4AD026005C2F6F /* Debug */ = {
			isa = XCBuildConfiguration;
			buildSettings = {
				ALWAYS_SEARCH_USER_PATHS = NO;
				CLANG_CXX_LANGUAGE_STANDARD = "gnu++0x";
				CLANG_CXX_LIBRARY = "libc++";
				CLANG_ENABLE_MODULES = YES;
				CLANG_ENABLE_OBJC_ARC = YES;
				CLANG_WARN_BOOL_CONVERSION = YES;
				CLANG_WARN_CONSTANT_CONVERSION = YES;
				CLANG_WARN_DIRECT_OBJC_ISA_USAGE = YES_ERROR;
				CLANG_WARN_EMPTY_BODY = YES;
				CLANG_WARN_ENUM_CONVERSION = YES;
				CLANG_WARN_INT_CONVERSION = YES;
				CLANG_WARN_OBJC_ROOT_CLASS = YES_ERROR;
				CLANG_WARN_UNREACHABLE_CODE = YES;
				CLANG_WARN__DUPLICATE_METHOD_MATCH = YES;
				COPY_PHASE_STRIP = NO;
				DEBUG_INFORMATION_FORMAT = dwarf;
				ENABLE_STRICT_OBJC_MSGSEND = YES;
				GCC_C_LANGUAGE_STANDARD = gnu99;
				GCC_DYNAMIC_NO_PIC = NO;
				GCC_NO_COMMON_BLOCKS = YES;
				GCC_OPTIMIZATION_LEVEL = 0;
				GCC_PREPROCESSOR_DEFINITIONS = (
					"DEBUG=1",
					"$(inherited)",
				);
				GCC_SYMBOLS_PRIVATE_EXTERN = NO;
				GCC_WARN_64_TO_32_BIT_CONVERSION = YES;
				GCC_WARN_ABOUT_RETURN_TYPE = YES_ERROR;
				GCC_WARN_UNDECLARED_SELECTOR = YES;
				GCC_WARN_UNINITIALIZED_AUTOS = YES_AGGRESSIVE;
				GCC_WARN_UNUSED_FUNCTION = YES;
				GCC_WARN_UNUSED_VARIABLE = YES;
				MACOSX_DEPLOYMENT_TARGET = 10.10;
				MTL_ENABLE_DEBUG_INFO = YES;
				ONLY_ACTIVE_ARCH = YES;
				SDKROOT = macosx;
			};
			name = Debug;
		};
		921D48DA1B4AD026005C2F6F /* Release */ = {
			isa = XCBuildConfiguration;
			buildSettings = {
				ALWAYS_SEARCH_USER_PATHS = NO;
				CLANG_CXX_LANGUAGE_STANDARD = "gnu++0x";
				CLANG_CXX_LIBRARY = "libc++";
				CLANG_ENABLE_MODULES = YES;
				CLANG_ENABLE_OBJC_ARC = YES;
				CLANG_WARN_BOOL_CONVERSION = YES;
				CLANG_WARN_CONSTANT_CONVERSION = YES;
				CLANG_WARN_DIRECT_OBJC_ISA_USAGE = YES_ERROR;
				CLANG_WARN_EMPTY_BODY = YES;
				CLANG_WARN_ENUM_CONVERSION = YES;
				CLANG_WARN_INT_CONVERSION = YES;
				CLANG_WARN_OBJC_ROOT_CLASS = YES_ERROR;
				CLANG_WARN_UNREACHABLE_CODE = YES;
				CLANG_WARN__DUPLICATE_METHOD_MATCH = YES;
				COPY_PHASE_STRIP = NO;
				DEBUG_INFORMATION_FORMAT = "dwarf-with-dsym";
				ENABLE_NS_ASSERTIONS = NO;
				ENABLE_STRICT_OBJC_MSGSEND = YES;
				GCC_C_LANGUAGE_STANDARD = gnu99;
				GCC_NO_COMMON_BLOCKS = YES;
				GCC_WARN_64_TO_32_BIT_CONVERSION = YES;
				GCC_WARN_ABOUT_RETURN_TYPE = YES_ERROR;
				GCC_WARN_UNDECLARED_SELECTOR = YES;
				GCC_WARN_UNINITIALIZED_AUTOS = YES_AGGRESSIVE;
				GCC_WARN_UNUSED_FUNCTION = YES;
				GCC_WARN_UNUSED_VARIABLE = YES;
				MACOSX_DEPLOYMENT_TARGET = 10.10;
				MTL_ENABLE_DEBUG_INFO = NO;
				SDKROOT = macosx;
			};
			name = Release;
		};
		921D48DC1B4AD026005C2F6F /* Debug */ = {
			isa = XCBuildConfiguration;
			buildSettings = {
				PRODUCT_NAME = "$(TARGET_NAME)";
			};
			name = Debug;
		};
		921D48DD1B4AD026005C2F6F /* Release */ = {
			isa = XCBuildConfiguration;
			buildSettings = {
				PRODUCT_NAME = "$(TARGET_NAME)";
			};
			name = Release;
		};
/* End XCBuildConfiguration section */

/* Begin XCConfigurationList section */
		921D48CF1B4AD026005C2F6F /* Build configuration list for PBXProject "MostFrequentCharacter" */ = {
			isa = XCConfigurationList;
			buildConfigurations = (
				921D48D91B4AD026005C2F6F /* Debug */,
				921D48DA1B4AD026005C2F6F /* Release */,
			);
			defaultConfigurationIsVisible = 0;
			defaultConfigurationName = Release;
		};
		921D48DB1B4AD026005C2F6F /* Build configuration list for PBXNativeTarget "MostFrequentCharacter" */ = {
			isa = XCConfigurationList;
			buildConfigurations = (
				921D48DC1B4AD026005C2F6F /* Debug */,
				921D48DD1B4AD026005C2F6F /* Release */,
			);
			defaultConfigurationIsVisible = 0;
		};
/* End XCConfigurationList section */
	};
	rootObject = 921D48CC1B4AD026005C2F6F /* Project object */;
}
